// !$*UTF8*$!
{
	archiveVersion = 1;
	classes = {
	};
	objectVersion = 46;
	objects = {

/* Begin PBXBuildFile section */
		4C1B81491A408DCA00137A42 /* FeedItem.swift in Sources */ = {isa = PBXBuildFile; fileRef = 4C1B81481A408DCA00137A42 /* FeedItem.swift */; };
		4C8B5E3219FBD7BE006F708B /* AppDelegate.swift in Sources */ = {isa = PBXBuildFile; fileRef = 4C8B5E3119FBD7BE006F708B /* AppDelegate.swift */; };
		4C8B5E3519FBD7BE006F708B /* ExchangeAGram.xcdatamodeld in Sources */ = {isa = PBXBuildFile; fileRef = 4C8B5E3319FBD7BE006F708B /* ExchangeAGram.xcdatamodeld */; };
		4C8B5E3A19FBD7BE006F708B /* Main.storyboard in Resources */ = {isa = PBXBuildFile; fileRef = 4C8B5E3819FBD7BE006F708B /* Main.storyboard */; };
		4C8B5E3C19FBD7BE006F708B /* Images.xcassets in Resources */ = {isa = PBXBuildFile; fileRef = 4C8B5E3B19FBD7BE006F708B /* Images.xcassets */; };
		4C8B5E3F19FBD7BE006F708B /* LaunchScreen.xib in Resources */ = {isa = PBXBuildFile; fileRef = 4C8B5E3D19FBD7BE006F708B /* LaunchScreen.xib */; };
		4C8B5E4B19FBD7BE006F708B /* ExchangeAGramTests.swift in Sources */ = {isa = PBXBuildFile; fileRef = 4C8B5E4A19FBD7BE006F708B /* ExchangeAGramTests.swift */; };
		4C8B5E5519FBD942006F708B /* FeedViewController.swift in Sources */ = {isa = PBXBuildFile; fileRef = 4C8B5E5419FBD942006F708B /* FeedViewController.swift */; };
		4C8B5E5719FBDB0A006F708B /* FeedCell.swift in Sources */ = {isa = PBXBuildFile; fileRef = 4C8B5E5619FBDB0A006F708B /* FeedCell.swift */; };
		4C8B5E5919FBDCAD006F708B /* MobileCoreServices.framework in Frameworks */ = {isa = PBXBuildFile; fileRef = 4C8B5E5819FBDCAD006F708B /* MobileCoreServices.framework */; };
		4CD6E1BB19FBF16700EFED4F /* FilterViewController.swift in Sources */ = {isa = PBXBuildFile; fileRef = 4CD6E1BA19FBF16700EFED4F /* FilterViewController.swift */; };
		4CD6E1BF19FBF57200EFED4F /* FilterCell.swift in Sources */ = {isa = PBXBuildFile; fileRef = 4CD6E1BE19FBF57200EFED4F /* FilterCell.swift */; };
		4CD6E1C419FBF89900EFED4F /* Placeholder.png in Resources */ = {isa = PBXBuildFile; fileRef = 4CD6E1C119FBF89900EFED4F /* Placeholder.png */; };
		4CD6E1C519FBF89900EFED4F /* Placeholder@2x.png in Resources */ = {isa = PBXBuildFile; fileRef = 4CD6E1C219FBF89900EFED4F /* Placeholder@2x.png */; };
		4CD6E1C619FBF89900EFED4F /* Placeholder@3x.png in Resources */ = {isa = PBXBuildFile; fileRef = 4CD6E1C319FBF89900EFED4F /* Placeholder@3x.png */; };
/* End PBXBuildFile section */

/* Begin PBXContainerItemProxy section */
		4C8B5E4519FBD7BE006F708B /* PBXContainerItemProxy */ = {
			isa = PBXContainerItemProxy;
			containerPortal = 4C8B5E2419FBD7BE006F708B /* Project object */;
			proxyType = 1;
			remoteGlobalIDString = 4C8B5E2B19FBD7BE006F708B;
			remoteInfo = ExchangeAGram;
		};
/* End PBXContainerItemProxy section */

/* Begin PBXFileReference section */
		4C1B81481A408DCA00137A42 /* FeedItem.swift */ = {isa = PBXFileReference; fileEncoding = 4; lastKnownFileType = sourcecode.swift; path = FeedItem.swift; sourceTree = "<group>"; };
		4C8B5E2C19FBD7BE006F708B /* ExchangeAGram.app */ = {isa = PBXFileReference; explicitFileType = wrapper.application; includeInIndex = 0; path = ExchangeAGram.app; sourceTree = BUILT_PRODUCTS_DIR; };
		4C8B5E3019FBD7BE006F708B /* Info.plist */ = {isa = PBXFileReference; lastKnownFileType = text.plist.xml; path = Info.plist; sourceTree = "<group>"; };
		4C8B5E3119FBD7BE006F708B /* AppDelegate.swift */ = {isa = PBXFileReference; lastKnownFileType = sourcecode.swift; path = AppDelegate.swift; sourceTree = "<group>"; };
		4C8B5E3419FBD7BE006F708B /* ExchangeAGram.xcdatamodel */ = {isa = PBXFileReference; lastKnownFileType = wrapper.xcdatamodel; path = ExchangeAGram.xcdatamodel; sourceTree = "<group>"; };
		4C8B5E3919FBD7BE006F708B /* Base */ = {isa = PBXFileReference; lastKnownFileType = file.storyboard; name = Base; path = Base.lproj/Main.storyboard; sourceTree = "<group>"; };
		4C8B5E3B19FBD7BE006F708B /* Images.xcassets */ = {isa = PBXFileReference; lastKnownFileType = folder.assetcatalog; path = Images.xcassets; sourceTree = "<group>"; };
		4C8B5E3E19FBD7BE006F708B /* Base */ = {isa = PBXFileReference; lastKnownFileType = file.xib; name = Base; path = Base.lproj/LaunchScreen.xib; sourceTree = "<group>"; };
		4C8B5E4419FBD7BE006F708B /* ExchangeAGramTests.xctest */ = {isa = PBXFileReference; explicitFileType = wrapper.cfbundle; includeInIndex = 0; path = ExchangeAGramTests.xctest; sourceTree = BUILT_PRODUCTS_DIR; };
		4C8B5E4919FBD7BE006F708B /* Info.plist */ = {isa = PBXFileReference; lastKnownFileType = text.plist.xml; path = Info.plist; sourceTree = "<group>"; };
		4C8B5E4A19FBD7BE006F708B /* ExchangeAGramTests.swift */ = {isa = PBXFileReference; lastKnownFileType = sourcecode.swift; path = ExchangeAGramTests.swift; sourceTree = "<group>"; };
		4C8B5E5419FBD942006F708B /* FeedViewController.swift */ = {isa = PBXFileReference; fileEncoding = 4; lastKnownFileType = sourcecode.swift; path = FeedViewController.swift; sourceTree = "<group>"; };
		4C8B5E5619FBDB0A006F708B /* FeedCell.swift */ = {isa = PBXFileReference; fileEncoding = 4; lastKnownFileType = sourcecode.swift; name = FeedCell.swift; path = ../FeedCell.swift; sourceTree = "<group>"; };
		4C8B5E5819FBDCAD006F708B /* MobileCoreServices.framework */ = {isa = PBXFileReference; lastKnownFileType = wrapper.framework; name = MobileCoreServices.framework; path = System/Library/Frameworks/MobileCoreServices.framework; sourceTree = SDKROOT; };
		4CD6E1BA19FBF16700EFED4F /* FilterViewController.swift */ = {isa = PBXFileReference; fileEncoding = 4; lastKnownFileType = sourcecode.swift; path = FilterViewController.swift; sourceTree = "<group>"; };
		4CD6E1BE19FBF57200EFED4F /* FilterCell.swift */ = {isa = PBXFileReference; fileEncoding = 4; lastKnownFileType = sourcecode.swift; path = FilterCell.swift; sourceTree = "<group>"; };
		4CD6E1C119FBF89900EFED4F /* Placeholder.png */ = {isa = PBXFileReference; lastKnownFileType = image.png; path = Placeholder.png; sourceTree = "<group>"; };
		4CD6E1C219FBF89900EFED4F /* Placeholder@2x.png */ = {isa = PBXFileReference; lastKnownFileType = image.png; path = "Placeholder@2x.png"; sourceTree = "<group>"; };
		4CD6E1C319FBF89900EFED4F /* Placeholder@3x.png */ = {isa = PBXFileReference; lastKnownFileType = image.png; path = "Placeholder@3x.png"; sourceTree = "<group>"; };
/* End PBXFileReference section */

/* Begin PBXFrameworksBuildPhase section */
		4C8B5E2919FBD7BE006F708B /* Frameworks */ = {
			isa = PBXFrameworksBuildPhase;
			buildActionMask = 2147483647;
			files = (
				4C8B5E5919FBDCAD006F708B /* MobileCoreServices.framework in Frameworks */,
			);
			runOnlyForDeploymentPostprocessing = 0;
		};
		4C8B5E4119FBD7BE006F708B /* Frameworks */ = {
			isa = PBXFrameworksBuildPhase;
			buildActionMask = 2147483647;
			files = (
			);
			runOnlyForDeploymentPostprocessing = 0;
		};
/* End PBXFrameworksBuildPhase section */

/* Begin PBXGroup section */
		4C8B5E2319FBD7BE006F708B = {
			isa = PBXGroup;
			children = (
				4C8B5E5819FBDCAD006F708B /* MobileCoreServices.framework */,
				4C8B5E2E19FBD7BE006F708B /* ExchangeAGram */,
				4C8B5E4719FBD7BE006F708B /* ExchangeAGramTests */,
				4C8B5E2D19FBD7BE006F708B /* Products */,
			);
			sourceTree = "<group>";
		};
		4C8B5E2D19FBD7BE006F708B /* Products */ = {
			isa = PBXGroup;
			children = (
				4C8B5E2C19FBD7BE006F708B /* ExchangeAGram.app */,
				4C8B5E4419FBD7BE006F708B /* ExchangeAGramTests.xctest */,
			);
			name = Products;
			sourceTree = "<group>";
		};
		4C8B5E2E19FBD7BE006F708B /* ExchangeAGram */ = {
			isa = PBXGroup;
			children = (
				4CD6E1C019FBF57900EFED4F /* views */,
				4CD6E1BD19FBF18300EFED4F /* models */,
				4CD6E1BC19FBF16D00EFED4F /* controllers */,
				4C8B5E3119FBD7BE006F708B /* AppDelegate.swift */,
				4C8B5E3819FBD7BE006F708B /* Main.storyboard */,
				4C8B5E3B19FBD7BE006F708B /* Images.xcassets */,
				4C8B5E3D19FBD7BE006F708B /* LaunchScreen.xib */,
				4C8B5E3319FBD7BE006F708B /* ExchangeAGram.xcdatamodeld */,
				4C8B5E2F19FBD7BE006F708B /* Supporting Files */,
			);
			path = ExchangeAGram;
			sourceTree = "<group>";
		};
		4C8B5E2F19FBD7BE006F708B /* Supporting Files */ = {
			isa = PBXGroup;
			children = (
				4CD6E1C119FBF89900EFED4F /* Placeholder.png */,
				4CD6E1C219FBF89900EFED4F /* Placeholder@2x.png */,
				4CD6E1C319FBF89900EFED4F /* Placeholder@3x.png */,
				4C8B5E3019FBD7BE006F708B /* Info.plist */,
			);
			name = "Supporting Files";
			sourceTree = "<group>";
		};
		4C8B5E4719FBD7BE006F708B /* ExchangeAGramTests */ = {
			isa = PBXGroup;
			children = (
				4C8B5E4A19FBD7BE006F708B /* ExchangeAGramTests.swift */,
				4C8B5E4819FBD7BE006F708B /* Supporting Files */,
			);
			path = ExchangeAGramTests;
			sourceTree = "<group>";
		};
		4C8B5E4819FBD7BE006F708B /* Supporting Files */ = {
			isa = PBXGroup;
			children = (
				4C8B5E4919FBD7BE006F708B /* Info.plist */,
			);
			name = "Supporting Files";
			sourceTree = "<group>";
		};
		4CD6E1BC19FBF16D00EFED4F /* controllers */ = {
			isa = PBXGroup;
			children = (
				4C8B5E5419FBD942006F708B /* FeedViewController.swift */,
				4CD6E1BA19FBF16700EFED4F /* FilterViewController.swift */,
			);
			name = controllers;
			sourceTree = "<group>";
		};
		4CD6E1BD19FBF18300EFED4F /* models */ = {
			isa = PBXGroup;
			children = (
				4C1B81481A408DCA00137A42 /* FeedItem.swift */,
			);
			name = models;
			sourceTree = "<group>";
		};
		4CD6E1C019FBF57900EFED4F /* views */ = {
			isa = PBXGroup;
			children = (
				4C8B5E5619FBDB0A006F708B /* FeedCell.swift */,
				4CD6E1BE19FBF57200EFED4F /* FilterCell.swift */,
			);
			name = views;
			sourceTree = "<group>";
		};
/* End PBXGroup section */

/* Begin PBXNativeTarget section */
		4C8B5E2B19FBD7BE006F708B /* ExchangeAGram */ = {
			isa = PBXNativeTarget;
			buildConfigurationList = 4C8B5E4E19FBD7BE006F708B /* Build configuration list for PBXNativeTarget "ExchangeAGram" */;
			buildPhases = (
				4C8B5E2819FBD7BE006F708B /* Sources */,
				4C8B5E2919FBD7BE006F708B /* Frameworks */,
				4C8B5E2A19FBD7BE006F708B /* Resources */,
			);
			buildRules = (
			);
			dependencies = (
			);
			name = ExchangeAGram;
			productName = ExchangeAGram;
			productReference = 4C8B5E2C19FBD7BE006F708B /* ExchangeAGram.app */;
			productType = "com.apple.product-type.application";
		};
		4C8B5E4319FBD7BE006F708B /* ExchangeAGramTests */ = {
			isa = PBXNativeTarget;
			buildConfigurationList = 4C8B5E5119FBD7BE006F708B /* Build configuration list for PBXNativeTarget "ExchangeAGramTests" */;
			buildPhases = (
				4C8B5E4019FBD7BE006F708B /* Sources */,
				4C8B5E4119FBD7BE006F708B /* Frameworks */,
				4C8B5E4219FBD7BE006F708B /* Resources */,
			);
			buildRules = (
			);
			dependencies = (
				4C8B5E4619FBD7BE006F708B /* PBXTargetDependency */,
			);
			name = ExchangeAGramTests;
			productName = ExchangeAGramTests;
			productReference = 4C8B5E4419FBD7BE006F708B /* ExchangeAGramTests.xctest */;
			productType = "com.apple.product-type.bundle.unit-test";
		};
/* End PBXNativeTarget section */

/* Begin PBXProject section */
		4C8B5E2419FBD7BE006F708B /* Project object */ = {
			isa = PBXProject;
			attributes = {
				LastUpgradeCheck = 0610;
				ORGANIZATIONNAME = olgen;
				TargetAttributes = {
					4C8B5E2B19FBD7BE006F708B = {
						CreatedOnToolsVersion = 6.1;
					};
					4C8B5E4319FBD7BE006F708B = {
						CreatedOnToolsVersion = 6.1;
						TestTargetID = 4C8B5E2B19FBD7BE006F708B;
					};
				};
			};
			buildConfigurationList = 4C8B5E2719FBD7BE006F708B /* Build configuration list for PBXProject "ExchangeAGram" */;
			compatibilityVersion = "Xcode 3.2";
			developmentRegion = English;
			hasScannedForEncodings = 0;
			knownRegions = (
				en,
				Base,
			);
			mainGroup = 4C8B5E2319FBD7BE006F708B;
			productRefGroup = 4C8B5E2D19FBD7BE006F708B /* Products */;
			projectDirPath = "";
			projectRoot = "";
			targets = (
				4C8B5E2B19FBD7BE006F708B /* ExchangeAGram */,
				4C8B5E4319FBD7BE006F708B /* ExchangeAGramTests */,
			);
		};
/* End PBXProject section */

/* Begin PBXResourcesBuildPhase section */
		4C8B5E2A19FBD7BE006F708B /* Resources */ = {
			isa = PBXResourcesBuildPhase;
			buildActionMask = 2147483647;
			files = (
				4CD6E1C519FBF89900EFED4F /* Placeholder@2x.png in Resources */,
				4C8B5E3A19FBD7BE006F708B /* Main.storyboard in Resources */,
				4CD6E1C419FBF89900EFED4F /* Placeholder.png in Resources */,
				4CD6E1C619FBF89900EFED4F /* Placeholder@3x.png in Resources */,
				4C8B5E3F19FBD7BE006F708B /* LaunchScreen.xib in Resources */,
				4C8B5E3C19FBD7BE006F708B /* Images.xcassets in Resources */,
			);
			runOnlyForDeploymentPostprocessing = 0;
		};
		4C8B5E4219FBD7BE006F708B /* Resources */ = {
			isa = PBXResourcesBuildPhase;
			buildActionMask = 2147483647;
			files = (
			);
			runOnlyForDeploymentPostprocessing = 0;
		};
/* End PBXResourcesBuildPhase section */

/* Begin PBXSourcesBuildPhase section */
		4C8B5E2819FBD7BE006F708B /* Sources */ = {
			isa = PBXSourcesBuildPhase;
			buildActionMask = 2147483647;
			files = (
				4CD6E1BF19FBF57200EFED4F /* FilterCell.swift in Sources */,
				4CD6E1BB19FBF16700EFED4F /* FilterViewController.swift in Sources */,
				4C8B5E3219FBD7BE006F708B /* AppDelegate.swift in Sources */,
				4C8B5E5719FBDB0A006F708B /* FeedCell.swift in Sources */,
				4C8B5E5519FBD942006F708B /* FeedViewController.swift in Sources */,
				4C1B81491A408DCA00137A42 /* FeedItem.swift in Sources */,
				4C8B5E3519FBD7BE006F708B /* ExchangeAGram.xcdatamodeld in Sources */,
			);
			runOnlyForDeploymentPostprocessing = 0;
		};
		4C8B5E4019FBD7BE006F708B /* Sources */ = {
			isa = PBXSourcesBuildPhase;
			buildActionMask = 2147483647;
			files = (
				4C8B5E4B19FBD7BE006F708B /* ExchangeAGramTests.swift in Sources */,
			);
			runOnlyForDeploymentPostprocessing = 0;
		};
/* End PBXSourcesBuildPhase section */

/* Begin PBXTargetDependency section */
		4C8B5E4619FBD7BE006F708B /* PBXTargetDependency */ = {
			isa = PBXTargetDependency;
			target = 4C8B5E2B19FBD7BE006F708B /* ExchangeAGram */;
			targetProxy = 4C8B5E4519FBD7BE006F708B /* PBXContainerItemProxy */;
		};
/* End PBXTargetDependency section */

/* Begin PBXVariantGroup section */
		4C8B5E3819FBD7BE006F708B /* Main.storyboard */ = {
			isa = PBXVariantGroup;
			children = (
				4C8B5E3919FBD7BE006F708B /* Base */,
			);
			name = Main.storyboard;
			sourceTree = "<group>";
		};
		4C8B5E3D19FBD7BE006F708B /* LaunchScreen.xib */ = {
			isa = PBXVariantGroup;
			children = (
				4C8B5E3E19FBD7BE006F708B /* Base */,
			);
			name = LaunchScreen.xib;
			sourceTree = "<group>";
		};
/* End PBXVariantGroup section */

/* Begin XCBuildConfiguration section */
		4C8B5E4C19FBD7BE006F708B /* Debug */ = {
			isa = XCBuildConfiguration;
			buildSettings = {
				ALWAYS_SEARCH_USER_PATHS = NO;
				CLANG_CXX_LANGUAGE_STANDARD = "gnu++0x";
				CLANG_CXX_LIBRARY = "libc++";
				CLANG_ENABLE_MODULES = YES;
				CLANG_ENABLE_OBJC_ARC = YES;
				CLANG_WARN_BOOL_CONVERSION = YES;
				CLANG_WARN_CONSTANT_CONVERSION = YES;
				CLANG_WARN_DIRECT_OBJC_ISA_USAGE = YES_ERROR;
				CLANG_WARN_EMPTY_BODY = YES;
				CLANG_WARN_ENUM_CONVERSION = YES;
				CLANG_WARN_INT_CONVERSION = YES;
				CLANG_WARN_OBJC_ROOT_CLASS = YES_ERROR;
				CLANG_WARN_UNREACHABLE_CODE = YES;
				CLANG_WARN__DUPLICATE_METHOD_MATCH = YES;
				"CODE_SIGN_IDENTITY[sdk=iphoneos*]" = "iPhone Developer";
				COPY_PHASE_STRIP = NO;
				ENABLE_STRICT_OBJC_MSGSEND = YES;
				GCC_C_LANGUAGE_STANDARD = gnu99;
				GCC_DYNAMIC_NO_PIC = NO;
				GCC_OPTIMIZATION_LEVEL = 0;
				GCC_PREPROCESSOR_DEFINITIONS = (
					"DEBUG=1",
					"$(inherited)",
				);
				GCC_SYMBOLS_PRIVATE_EXTERN = NO;
				GCC_WARN_64_TO_32_BIT_CONVERSION = YES;
				GCC_WARN_ABOUT_RETURN_TYPE = YES_ERROR;
				GCC_WARN_UNDECLARED_SELECTOR = YES;
				GCC_WARN_UNINITIALIZED_AUTOS = YES_AGGRESSIVE;
				GCC_WARN_UNUSED_FUNCTION = YES;
				GCC_WARN_UNUSED_VARIABLE = YES;
				IPHONEOS_DEPLOYMENT_TARGET = 8.1;
				MTL_ENABLE_DEBUG_INFO = YES;
				ONLY_ACTIVE_ARCH = YES;
				SDKROOT = iphoneos;
				SWIFT_OPTIMIZATION_LEVEL = "-Onone";
				TARGETED_DEVICE_FAMILY = "1,2";
			};
			name = Debug;
		};
		4C8B5E4D19FBD7BE006F708B /* Release */ = {
			isa = XCBuildConfiguration;
			buildSettings = {
				ALWAYS_SEARCH_USER_PATHS = NO;
				CLANG_CXX_LANGUAGE_STANDARD = "gnu++0x";
				CLANG_CXX_LIBRARY = "libc++";
				CLANG_ENABLE_MODULES = YES;
				CLANG_ENABLE_OBJC_ARC = YES;
				CLANG_WARN_BOOL_CONVERSION = YES;
				CLANG_WARN_CONSTANT_CONVERSION = YES;
				CLANG_WARN_DIRECT_OBJC_ISA_USAGE = YES_ERROR;
				CLANG_WARN_EMPTY_BODY = YES;
				CLANG_WARN_ENUM_CONVERSION = YES;
				CLANG_WARN_INT_CONVERSION = YES;
				CLANG_WARN_OBJC_ROOT_CLASS = YES_ERROR;
				CLANG_WARN_UNREACHABLE_CODE = YES;
				CLANG_WARN__DUPLICATE_METHOD_MATCH = YES;
				"CODE_SIGN_IDENTITY[sdk=iphoneos*]" = "iPhone Developer";
				COPY_PHASE_STRIP = YES;
				ENABLE_NS_ASSERTIONS = NO;
				ENABLE_STRICT_OBJC_MSGSEND = YES;
				GCC_C_LANGUAGE_STANDARD = gnu99;
				GCC_WARN_64_TO_32_BIT_CONVERSION = YES;
				GCC_WARN_ABOUT_RETURN_TYPE = YES_ERROR;
				GCC_WARN_UNDECLARED_SELECTOR = YES;
				GCC_WARN_UNINITIALIZED_AUTOS = YES_AGGRESSIVE;
				GCC_WARN_UNUSED_FUNCTION = YES;
				GCC_WARN_UNUSED_VARIABLE = YES;
				IPHONEOS_DEPLOYMENT_TARGET = 8.1;
				MTL_ENABLE_DEBUG_INFO = NO;
				SDKROOT = iphoneos;
				TARGETED_DEVICE_FAMILY = "1,2";
				VALIDATE_PRODUCT = YES;
			};
			name = Release;
		};
		4C8B5E4F19FBD7BE006F708B /* Debug */ = {
			isa = XCBuildConfiguration;
			buildSettings = {
				ASSETCATALOG_COMPILER_APPICON_NAME = AppIcon;
				INFOPLIST_FILE = ExchangeAGram/Info.plist;
				LD_RUNPATH_SEARCH_PATHS = "$(inherited) @executable_path/Frameworks";
				PRODUCT_NAME = "$(TARGET_NAME)";
			};
			name = Debug;
		};
		4C8B5E5019FBD7BE006F708B /* Release */ = {
			isa = XCBuildConfiguration;
			buildSettings = {
				ASSETCATALOG_COMPILER_APPICON_NAME = AppIcon;
				INFOPLIST_FILE = ExchangeAGram/Info.plist;
				LD_RUNPATH_SEARCH_PATHS = "$(inherited) @executable_path/Frameworks";
				PRODUCT_NAME = "$(TARGET_NAME)";
			};
			name = Release;
		};
		4C8B5E5219FBD7BE006F708B /* Debug */ = {
			isa = XCBuildConfiguration;
			buildSettings = {
				BUNDLE_LOADER = "$(TEST_HOST)";
				FRAMEWORK_SEARCH_PATHS = (
					"$(SDKROOT)/Developer/Library/Frameworks",
					"$(inherited)",
				);
				GCC_PREPROCESSOR_DEFINITIONS = (
					"DEBUG=1",
					"$(inherited)",
				);
				INFOPLIST_FILE = ExchangeAGramTests/Info.plist;
				LD_RUNPATH_SEARCH_PATHS = "$(inherited) @executable_path/Frameworks @loader_path/Frameworks";
				PRODUCT_NAME = "$(TARGET_NAME)";
				TEST_HOST = "$(BUILT_PRODUCTS_DIR)/ExchangeAGram.app/ExchangeAGram";
			};
			name = Debug;
		};
		4C8B5E5319FBD7BE006F708B /* Release */ = {
			isa = XCBuildConfiguration;
			buildSettings = {
				BUNDLE_LOADER = "$(TEST_HOST)";
				FRAMEWORK_SEARCH_PATHS = (
					"$(SDKROOT)/Developer/Library/Frameworks",
					"$(inherited)",
				);
				INFOPLIST_FILE = ExchangeAGramTests/Info.plist;
				LD_RUNPATH_SEARCH_PATHS = "$(inherited) @executable_path/Frameworks @loader_path/Frameworks";
				PRODUCT_NAME = "$(TARGET_NAME)";
				TEST_HOST = "$(BUILT_PRODUCTS_DIR)/ExchangeAGram.app/ExchangeAGram";
			};
			name = Release;
		};
/* End XCBuildConfiguration section */

/* Begin XCConfigurationList section */
		4C8B5E2719FBD7BE006F708B /* Build configuration list for PBXProject "ExchangeAGram" */ = {
			isa = XCConfigurationList;
			buildConfigurations = (
				4C8B5E4C19FBD7BE006F708B /* Debug */,
				4C8B5E4D19FBD7BE006F708B /* Release */,
			);
			defaultConfigurationIsVisible = 0;
			defaultConfigurationName = Release;
		};
		4C8B5E4E19FBD7BE006F708B /* Build configuration list for PBXNativeTarget "ExchangeAGram" */ = {
			isa = XCConfigurationList;
			buildConfigurations = (
				4C8B5E4F19FBD7BE006F708B /* Debug */,
				4C8B5E5019FBD7BE006F708B /* Release */,
			);
			defaultConfigurationIsVisible = 0;
			defaultConfigurationName = Release;
		};
		4C8B5E5119FBD7BE006F708B /* Build configuration list for PBXNativeTarget "ExchangeAGramTests" */ = {
			isa = XCConfigurationList;
			buildConfigurations = (
				4C8B5E5219FBD7BE006F708B /* Debug */,
				4C8B5E5319FBD7BE006F708B /* Release */,
			);
			defaultConfigurationIsVisible = 0;
			defaultConfigurationName = Release;
		};
/* End XCConfigurationList section */

/* Begin XCVersionGroup section */
		4C8B5E3319FBD7BE006F708B /* ExchangeAGram.xcdatamodeld */ = {
			isa = XCVersionGroup;
			children = (
				4C8B5E3419FBD7BE006F708B /* ExchangeAGram.xcdatamodel */,
			);
			currentVersion = 4C8B5E3419FBD7BE006F708B /* ExchangeAGram.xcdatamodel */;
			path = ExchangeAGram.xcdatamodeld;
			sourceTree = "<group>";
			versionGroupType = wrapper.xcdatamodel;
		};
/* End XCVersionGroup section */
	};
	rootObject = 4C8B5E2419FBD7BE006F708B /* Project object */;
}
